// !$*UTF8*$!
{
	archiveVersion = 1;
	classes = {
	};
	objectVersion = 56;
	objects = {

/* Begin PBXBuildFile section */
		805DC387299E696A00EAD11B /* CVApp.swift in Sources */ = {isa = PBXBuildFile; fileRef = 805DC386299E696A00EAD11B /* CVApp.swift */; };
		805DC38B299E696C00EAD11B /* Assets.xcassets in Resources */ = {isa = PBXBuildFile; fileRef = 805DC38A299E696C00EAD11B /* Assets.xcassets */; };
		805DC38E299E696C00EAD11B /* Preview Assets.xcassets in Resources */ = {isa = PBXBuildFile; fileRef = 805DC38D299E696C00EAD11B /* Preview Assets.xcassets */; };
		806DF7D52B29BD880029ABFC /* URLPositions.swift in Sources */ = {isa = PBXBuildFile; fileRef = 806DF7D42B29BD880029ABFC /* URLPositions.swift */; };
		8074CA332B16348D000B7350 /* Experience.swift in Sources */ = {isa = PBXBuildFile; fileRef = 8074CA322B16348D000B7350 /* Experience.swift */; };
		8074CA352B16350C000B7350 /* Education.swift in Sources */ = {isa = PBXBuildFile; fileRef = 8074CA342B16350C000B7350 /* Education.swift */; };
		8074CA372B163565000B7350 /* Project.swift in Sources */ = {isa = PBXBuildFile; fileRef = 8074CA362B163565000B7350 /* Project.swift */; };
		8074CA392B16367D000B7350 /* Resume.swift in Sources */ = {isa = PBXBuildFile; fileRef = 8074CA382B16367D000B7350 /* Resume.swift */; };
		8074CA3E2B16380A000B7350 /* MonochromeResumeRenderer.swift in Sources */ = {isa = PBXBuildFile; fileRef = 8074CA3D2B16380A000B7350 /* MonochromeResumeRenderer.swift */; };
		8074CA432B165248000B7350 /* String+Extensions.swift in Sources */ = {isa = PBXBuildFile; fileRef = 8074CA422B165248000B7350 /* String+Extensions.swift */; };
		8074CA452B1739A2000B7350 /* Contact.swift in Sources */ = {isa = PBXBuildFile; fileRef = 8074CA442B1739A2000B7350 /* Contact.swift */; };
		8074CA482B174EF2000B7350 /* ResumeViewer.swift in Sources */ = {isa = PBXBuildFile; fileRef = 8074CA472B174EF2000B7350 /* ResumeViewer.swift */; };
		8074CA4A2B175ECB000B7350 /* Palette.swift in Sources */ = {isa = PBXBuildFile; fileRef = 8074CA492B175ECB000B7350 /* Palette.swift */; };
		8074CA502B17CDA9000B7350 /* URLPositionTracker.swift in Sources */ = {isa = PBXBuildFile; fileRef = 8074CA4F2B17CDA9000B7350 /* URLPositionTracker.swift */; };
		8074CA522B17DCDF000B7350 /* Skillset.swift in Sources */ = {isa = PBXBuildFile; fileRef = 8074CA512B17DCDF000B7350 /* Skillset.swift */; };
		809F0EE72B1F663400ADD7CD /* Resume+Example.swift in Sources */ = {isa = PBXBuildFile; fileRef = 809F0EE62B1F663400ADD7CD /* Resume+Example.swift */; };
		80D7C2CE2B185AB7005801A1 /* Resumes.swift in Sources */ = {isa = PBXBuildFile; fileRef = 80D7C2CD2B185AB7005801A1 /* Resumes.swift */; };
/* End PBXBuildFile section */

/* Begin PBXFileReference section */
		805DC383299E696A00EAD11B /* CV.app */ = {isa = PBXFileReference; explicitFileType = wrapper.application; includeInIndex = 0; path = CV.app; sourceTree = BUILT_PRODUCTS_DIR; };
		805DC386299E696A00EAD11B /* CVApp.swift */ = {isa = PBXFileReference; lastKnownFileType = sourcecode.swift; path = CVApp.swift; sourceTree = "<group>"; };
		805DC38A299E696C00EAD11B /* Assets.xcassets */ = {isa = PBXFileReference; lastKnownFileType = folder.assetcatalog; path = Assets.xcassets; sourceTree = "<group>"; };
		805DC38D299E696C00EAD11B /* Preview Assets.xcassets */ = {isa = PBXFileReference; lastKnownFileType = folder.assetcatalog; path = "Preview Assets.xcassets"; sourceTree = "<group>"; };
		805DC38F299E696C00EAD11B /* CV.entitlements */ = {isa = PBXFileReference; lastKnownFileType = text.plist.entitlements; path = CV.entitlements; sourceTree = "<group>"; };
		806DF7D42B29BD880029ABFC /* URLPositions.swift */ = {isa = PBXFileReference; lastKnownFileType = sourcecode.swift; path = URLPositions.swift; sourceTree = "<group>"; };
		8074CA322B16348D000B7350 /* Experience.swift */ = {isa = PBXFileReference; lastKnownFileType = sourcecode.swift; path = Experience.swift; sourceTree = "<group>"; };
		8074CA342B16350C000B7350 /* Education.swift */ = {isa = PBXFileReference; lastKnownFileType = sourcecode.swift; path = Education.swift; sourceTree = "<group>"; };
		8074CA362B163565000B7350 /* Project.swift */ = {isa = PBXFileReference; lastKnownFileType = sourcecode.swift; path = Project.swift; sourceTree = "<group>"; };
		8074CA382B16367D000B7350 /* Resume.swift */ = {isa = PBXFileReference; lastKnownFileType = sourcecode.swift; path = Resume.swift; sourceTree = "<group>"; };
		8074CA3D2B16380A000B7350 /* MonochromeResumeRenderer.swift */ = {isa = PBXFileReference; lastKnownFileType = sourcecode.swift; path = MonochromeResumeRenderer.swift; sourceTree = "<group>"; };
		8074CA422B165248000B7350 /* String+Extensions.swift */ = {isa = PBXFileReference; lastKnownFileType = sourcecode.swift; path = "String+Extensions.swift"; sourceTree = "<group>"; };
		8074CA442B1739A2000B7350 /* Contact.swift */ = {isa = PBXFileReference; lastKnownFileType = sourcecode.swift; path = Contact.swift; sourceTree = "<group>"; };
		8074CA472B174EF2000B7350 /* ResumeViewer.swift */ = {isa = PBXFileReference; lastKnownFileType = sourcecode.swift; path = ResumeViewer.swift; sourceTree = "<group>"; };
		8074CA492B175ECB000B7350 /* Palette.swift */ = {isa = PBXFileReference; lastKnownFileType = sourcecode.swift; path = Palette.swift; sourceTree = "<group>"; };
		8074CA4F2B17CDA9000B7350 /* URLPositionTracker.swift */ = {isa = PBXFileReference; lastKnownFileType = sourcecode.swift; path = URLPositionTracker.swift; sourceTree = "<group>"; };
		8074CA512B17DCDF000B7350 /* Skillset.swift */ = {isa = PBXFileReference; lastKnownFileType = sourcecode.swift; path = Skillset.swift; sourceTree = "<group>"; };
		809F0EE62B1F663400ADD7CD /* Resume+Example.swift */ = {isa = PBXFileReference; lastKnownFileType = sourcecode.swift; path = "Resume+Example.swift"; sourceTree = "<group>"; };
		80D7C2CD2B185AB7005801A1 /* Resumes.swift */ = {isa = PBXFileReference; lastKnownFileType = sourcecode.swift; path = Resumes.swift; sourceTree = "<group>"; };
/* End PBXFileReference section */

/* Begin PBXFrameworksBuildPhase section */
		805DC380299E696A00EAD11B /* Frameworks */ = {
			isa = PBXFrameworksBuildPhase;
			buildActionMask = 2147483647;
			files = (
			);
			runOnlyForDeploymentPostprocessing = 0;
		};
/* End PBXFrameworksBuildPhase section */

/* Begin PBXGroup section */
		805DC37A299E696A00EAD11B = {
			isa = PBXGroup;
			children = (
				805DC385299E696A00EAD11B /* CV */,
				805DC384299E696A00EAD11B /* Products */,
			);
			sourceTree = "<group>";
		};
		805DC384299E696A00EAD11B /* Products */ = {
			isa = PBXGroup;
			children = (
				805DC383299E696A00EAD11B /* CV.app */,
			);
			name = Products;
			sourceTree = "<group>";
		};
		805DC385299E696A00EAD11B /* CV */ = {
			isa = PBXGroup;
			children = (
				8074CA462B17469F000B7350 /* UI */,
				8074CA3A2B163789000B7350 /* Rendering */,
				8074CA312B163481000B7350 /* Resume */,
				8074CA412B16523A000B7350 /* Extensions */,
				805DC386299E696A00EAD11B /* CVApp.swift */,
				805DC38A299E696C00EAD11B /* Assets.xcassets */,
				805DC38F299E696C00EAD11B /* CV.entitlements */,
				805DC38C299E696C00EAD11B /* Preview Content */,
			);
			path = CV;
			sourceTree = "<group>";
		};
		805DC38C299E696C00EAD11B /* Preview Content */ = {
			isa = PBXGroup;
			children = (
				805DC38D299E696C00EAD11B /* Preview Assets.xcassets */,
			);
			path = "Preview Content";
			sourceTree = "<group>";
		};
		806DF7CC2B2919090029ABFC /* Resumes */ = {
			isa = PBXGroup;
			children = (
				80D7C2CD2B185AB7005801A1 /* Resumes.swift */,
				809F0EE62B1F663400ADD7CD /* Resume+Example.swift */,
			);
			path = Resumes;
			sourceTree = "<group>";
		};
		806DF7D22B29BD650029ABFC /* Renderers */ = {
			isa = PBXGroup;
			children = (
				8074CA3D2B16380A000B7350 /* MonochromeResumeRenderer.swift */,
			);
			path = Renderers;
			sourceTree = "<group>";
		};
		806DF7D32B29BD700029ABFC /* URL Tracking */ = {
			isa = PBXGroup;
			children = (
				8074CA4F2B17CDA9000B7350 /* URLPositionTracker.swift */,
				806DF7D42B29BD880029ABFC /* URLPositions.swift */,
			);
			path = "URL Tracking";
			sourceTree = "<group>";
		};
		8074CA312B163481000B7350 /* Resume */ = {
			isa = PBXGroup;
			children = (
				8074CA322B16348D000B7350 /* Experience.swift */,
				8074CA342B16350C000B7350 /* Education.swift */,
				8074CA362B163565000B7350 /* Project.swift */,
				8074CA382B16367D000B7350 /* Resume.swift */,
				8074CA442B1739A2000B7350 /* Contact.swift */,
				8074CA512B17DCDF000B7350 /* Skillset.swift */,
				806DF7CC2B2919090029ABFC /* Resumes */,
			);
			path = Resume;
			sourceTree = "<group>";
		};
		8074CA3A2B163789000B7350 /* Rendering */ = {
			isa = PBXGroup;
			children = (
				806DF7D32B29BD700029ABFC /* URL Tracking */,
				8074CA492B175ECB000B7350 /* Palette.swift */,
				806DF7D22B29BD650029ABFC /* Renderers */,
			);
			path = Rendering;
			sourceTree = "<group>";
		};
		8074CA412B16523A000B7350 /* Extensions */ = {
			isa = PBXGroup;
			children = (
				8074CA422B165248000B7350 /* String+Extensions.swift */,
			);
			path = Extensions;
			sourceTree = "<group>";
		};
		8074CA462B17469F000B7350 /* UI */ = {
			isa = PBXGroup;
			children = (
				8074CA472B174EF2000B7350 /* ResumeViewer.swift */,
			);
			path = UI;
			sourceTree = "<group>";
		};
/* End PBXGroup section */

/* Begin PBXNativeTarget section */
		805DC382299E696A00EAD11B /* CV */ = {
			isa = PBXNativeTarget;
			buildConfigurationList = 805DC392299E696C00EAD11B /* Build configuration list for PBXNativeTarget "CV" */;
			buildPhases = (
				805DC37F299E696A00EAD11B /* Sources */,
				805DC380299E696A00EAD11B /* Frameworks */,
				805DC381299E696A00EAD11B /* Resources */,
			);
			buildRules = (
			);
			dependencies = (
			);
			name = CV;
			productName = CV;
			productReference = 805DC383299E696A00EAD11B /* CV.app */;
			productType = "com.apple.product-type.application";
		};
/* End PBXNativeTarget section */

/* Begin PBXProject section */
		805DC37B299E696A00EAD11B /* Project object */ = {
			isa = PBXProject;
			attributes = {
				BuildIndependentTargetsInParallel = 1;
				LastSwiftUpdateCheck = 1410;
				LastUpgradeCheck = 1430;
				TargetAttributes = {
					805DC382299E696A00EAD11B = {
						CreatedOnToolsVersion = 14.1;
					};
				};
			};
			buildConfigurationList = 805DC37E299E696A00EAD11B /* Build configuration list for PBXProject "CV" */;
			compatibilityVersion = "Xcode 14.0";
			developmentRegion = en;
			hasScannedForEncodings = 0;
			knownRegions = (
				en,
				Base,
			);
			mainGroup = 805DC37A299E696A00EAD11B;
			productRefGroup = 805DC384299E696A00EAD11B /* Products */;
			projectDirPath = "";
			projectRoot = "";
			targets = (
				805DC382299E696A00EAD11B /* CV */,
			);
		};
/* End PBXProject section */

/* Begin PBXResourcesBuildPhase section */
		805DC381299E696A00EAD11B /* Resources */ = {
			isa = PBXResourcesBuildPhase;
			buildActionMask = 2147483647;
			files = (
				805DC38E299E696C00EAD11B /* Preview Assets.xcassets in Resources */,
				805DC38B299E696C00EAD11B /* Assets.xcassets in Resources */,
			);
			runOnlyForDeploymentPostprocessing = 0;
		};
/* End PBXResourcesBuildPhase section */

/* Begin PBXSourcesBuildPhase section */
		805DC37F299E696A00EAD11B /* Sources */ = {
			isa = PBXSourcesBuildPhase;
			buildActionMask = 2147483647;
			files = (
				8074CA392B16367D000B7350 /* Resume.swift in Sources */,
				8074CA332B16348D000B7350 /* Experience.swift in Sources */,
				8074CA452B1739A2000B7350 /* Contact.swift in Sources */,
				8074CA4A2B175ECB000B7350 /* Palette.swift in Sources */,
				8074CA502B17CDA9000B7350 /* URLPositionTracker.swift in Sources */,
				80D7C2CE2B185AB7005801A1 /* Resumes.swift in Sources */,
				8074CA3E2B16380A000B7350 /* MonochromeResumeRenderer.swift in Sources */,
				8074CA482B174EF2000B7350 /* ResumeViewer.swift in Sources */,
				8074CA522B17DCDF000B7350 /* Skillset.swift in Sources */,
				8074CA432B165248000B7350 /* String+Extensions.swift in Sources */,
				8074CA352B16350C000B7350 /* Education.swift in Sources */,
				806DF7D52B29BD880029ABFC /* URLPositions.swift in Sources */,
				8074CA372B163565000B7350 /* Project.swift in Sources */,
				809F0EE72B1F663400ADD7CD /* Resume+Example.swift in Sources */,
				805DC387299E696A00EAD11B /* CVApp.swift in Sources */,
			);
			runOnlyForDeploymentPostprocessing = 0;
		};
/* End PBXSourcesBuildPhase section */

/* Begin XCBuildConfiguration section */
		805DC390299E696C00EAD11B /* Debug */ = {
			isa = XCBuildConfiguration;
			buildSettings = {
				ALWAYS_SEARCH_USER_PATHS = NO;
				CLANG_ANALYZER_NONNULL = YES;
				CLANG_ANALYZER_NUMBER_OBJECT_CONVERSION = YES_AGGRESSIVE;
				CLANG_CXX_LANGUAGE_STANDARD = "gnu++20";
				CLANG_ENABLE_MODULES = YES;
				CLANG_ENABLE_OBJC_ARC = YES;
				CLANG_ENABLE_OBJC_WEAK = YES;
				CLANG_WARN_BLOCK_CAPTURE_AUTORELEASING = YES;
				CLANG_WARN_BOOL_CONVERSION = YES;
				CLANG_WARN_COMMA = YES;
				CLANG_WARN_CONSTANT_CONVERSION = YES;
				CLANG_WARN_DEPRECATED_OBJC_IMPLEMENTATIONS = YES;
				CLANG_WARN_DIRECT_OBJC_ISA_USAGE = YES_ERROR;
				CLANG_WARN_DOCUMENTATION_COMMENTS = YES;
				CLANG_WARN_EMPTY_BODY = YES;
				CLANG_WARN_ENUM_CONVERSION = YES;
				CLANG_WARN_INFINITE_RECURSION = YES;
				CLANG_WARN_INT_CONVERSION = YES;
				CLANG_WARN_NON_LITERAL_NULL_CONVERSION = YES;
				CLANG_WARN_OBJC_IMPLICIT_RETAIN_SELF = YES;
				CLANG_WARN_OBJC_LITERAL_CONVERSION = YES;
				CLANG_WARN_OBJC_ROOT_CLASS = YES_ERROR;
				CLANG_WARN_QUOTED_INCLUDE_IN_FRAMEWORK_HEADER = YES;
				CLANG_WARN_RANGE_LOOP_ANALYSIS = YES;
				CLANG_WARN_STRICT_PROTOTYPES = YES;
				CLANG_WARN_SUSPICIOUS_MOVE = YES;
				CLANG_WARN_UNGUARDED_AVAILABILITY = YES_AGGRESSIVE;
				CLANG_WARN_UNREACHABLE_CODE = YES;
				CLANG_WARN__DUPLICATE_METHOD_MATCH = YES;
				COPY_PHASE_STRIP = NO;
				DEAD_CODE_STRIPPING = YES;
				DEBUG_INFORMATION_FORMAT = dwarf;
				ENABLE_STRICT_OBJC_MSGSEND = YES;
				ENABLE_TESTABILITY = YES;
				GCC_C_LANGUAGE_STANDARD = gnu11;
				GCC_DYNAMIC_NO_PIC = NO;
				GCC_NO_COMMON_BLOCKS = YES;
				GCC_OPTIMIZATION_LEVEL = 0;
				GCC_PREPROCESSOR_DEFINITIONS = (
					"DEBUG=1",
					"$(inherited)",
				);
				GCC_WARN_64_TO_32_BIT_CONVERSION = YES;
				GCC_WARN_ABOUT_RETURN_TYPE = YES_ERROR;
				GCC_WARN_UNDECLARED_SELECTOR = YES;
				GCC_WARN_UNINITIALIZED_AUTOS = YES_AGGRESSIVE;
				GCC_WARN_UNUSED_FUNCTION = YES;
				GCC_WARN_UNUSED_VARIABLE = YES;
				MACOSX_DEPLOYMENT_TARGET = 13.0;
				MTL_ENABLE_DEBUG_INFO = INCLUDE_SOURCE;
				MTL_FAST_MATH = YES;
				ONLY_ACTIVE_ARCH = YES;
				SDKROOT = macosx;
				SWIFT_ACTIVE_COMPILATION_CONDITIONS = DEBUG;
				SWIFT_OPTIMIZATION_LEVEL = "-Onone";
			};
			name = Debug;
		};
		805DC391299E696C00EAD11B /* Release */ = {
			isa = XCBuildConfiguration;
			buildSettings = {
				ALWAYS_SEARCH_USER_PATHS = NO;
				CLANG_ANALYZER_NONNULL = YES;
				CLANG_ANALYZER_NUMBER_OBJECT_CONVERSION = YES_AGGRESSIVE;
				CLANG_CXX_LANGUAGE_STANDARD = "gnu++20";
				CLANG_ENABLE_MODULES = YES;
				CLANG_ENABLE_OBJC_ARC = YES;
				CLANG_ENABLE_OBJC_WEAK = YES;
				CLANG_WARN_BLOCK_CAPTURE_AUTORELEASING = YES;
				CLANG_WARN_BOOL_CONVERSION = YES;
				CLANG_WARN_COMMA = YES;
				CLANG_WARN_CONSTANT_CONVERSION = YES;
				CLANG_WARN_DEPRECATED_OBJC_IMPLEMENTATIONS = YES;
				CLANG_WARN_DIRECT_OBJC_ISA_USAGE = YES_ERROR;
				CLANG_WARN_DOCUMENTATION_COMMENTS = YES;
				CLANG_WARN_EMPTY_BODY = YES;
				CLANG_WARN_ENUM_CONVERSION = YES;
				CLANG_WARN_INFINITE_RECURSION = YES;
				CLANG_WARN_INT_CONVERSION = YES;
				CLANG_WARN_NON_LITERAL_NULL_CONVERSION = YES;
				CLANG_WARN_OBJC_IMPLICIT_RETAIN_SELF = YES;
				CLANG_WARN_OBJC_LITERAL_CONVERSION = YES;
				CLANG_WARN_OBJC_ROOT_CLASS = YES_ERROR;
				CLANG_WARN_QUOTED_INCLUDE_IN_FRAMEWORK_HEADER = YES;
				CLANG_WARN_RANGE_LOOP_ANALYSIS = YES;
				CLANG_WARN_STRICT_PROTOTYPES = YES;
				CLANG_WARN_SUSPICIOUS_MOVE = YES;
				CLANG_WARN_UNGUARDED_AVAILABILITY = YES_AGGRESSIVE;
				CLANG_WARN_UNREACHABLE_CODE = YES;
				CLANG_WARN__DUPLICATE_METHOD_MATCH = YES;
				COPY_PHASE_STRIP = NO;
				DEAD_CODE_STRIPPING = YES;
				DEBUG_INFORMATION_FORMAT = "dwarf-with-dsym";
				ENABLE_NS_ASSERTIONS = NO;
				ENABLE_STRICT_OBJC_MSGSEND = YES;
				GCC_C_LANGUAGE_STANDARD = gnu11;
				GCC_NO_COMMON_BLOCKS = YES;
				GCC_WARN_64_TO_32_BIT_CONVERSION = YES;
				GCC_WARN_ABOUT_RETURN_TYPE = YES_ERROR;
				GCC_WARN_UNDECLARED_SELECTOR = YES;
				GCC_WARN_UNINITIALIZED_AUTOS = YES_AGGRESSIVE;
				GCC_WARN_UNUSED_FUNCTION = YES;
				GCC_WARN_UNUSED_VARIABLE = YES;
				MACOSX_DEPLOYMENT_TARGET = 13.0;
				MTL_ENABLE_DEBUG_INFO = NO;
				MTL_FAST_MATH = YES;
				SDKROOT = macosx;
				SWIFT_COMPILATION_MODE = wholemodule;
				SWIFT_OPTIMIZATION_LEVEL = "-O";
			};
			name = Release;
		};
		805DC393299E696C00EAD11B /* Debug */ = {
			isa = XCBuildConfiguration;
			buildSettings = {
				ASSETCATALOG_COMPILER_APPICON_NAME = AppIcon;
				ASSETCATALOG_COMPILER_GLOBAL_ACCENT_COLOR_NAME = AccentColor;
				CODE_SIGN_ENTITLEMENTS = CV/CV.entitlements;
				CODE_SIGN_STYLE = Automatic;
				COMBINE_HIDPI_IMAGES = YES;
				CURRENT_PROJECT_VERSION = 1;
				DEAD_CODE_STRIPPING = YES;
				DEVELOPMENT_ASSET_PATHS = "\"CV/Preview Content\"";
				ENABLE_PREVIEWS = YES;
				GENERATE_INFOPLIST_FILE = YES;
				INFOPLIST_KEY_NSHumanReadableCopyright = "";
				LD_RUNPATH_SEARCH_PATHS = (
					"$(inherited)",
					"@executable_path/../Frameworks",
				);
				MACOSX_DEPLOYMENT_TARGET = 14.0;
				MARKETING_VERSION = 1.0;
				PRODUCT_BUNDLE_IDENTIFIER = com.example.CV;
				PRODUCT_NAME = "$(TARGET_NAME)";
				SWIFT_EMIT_LOC_STRINGS = YES;
				SWIFT_VERSION = 5.0;
			};
			name = Debug;
		};
		805DC394299E696C00EAD11B /* Release */ = {
			isa = XCBuildConfiguration;
			buildSettings = {
				ASSETCATALOG_COMPILER_APPICON_NAME = AppIcon;
				ASSETCATALOG_COMPILER_GLOBAL_ACCENT_COLOR_NAME = AccentColor;
				CODE_SIGN_ENTITLEMENTS = CV/CV.entitlements;
				CODE_SIGN_STYLE = Automatic;
				COMBINE_HIDPI_IMAGES = YES;
				CURRENT_PROJECT_VERSION = 1;
				DEAD_CODE_STRIPPING = YES;
				DEVELOPMENT_ASSET_PATHS = "\"CV/Preview Content\"";
				ENABLE_PREVIEWS = YES;
				GENERATE_INFOPLIST_FILE = YES;
				INFOPLIST_KEY_NSHumanReadableCopyright = "";
				LD_RUNPATH_SEARCH_PATHS = (
					"$(inherited)",
					"@executable_path/../Frameworks",
				);
				MACOSX_DEPLOYMENT_TARGET = 14.0;
				MARKETING_VERSION = 1.0;
				PRODUCT_BUNDLE_IDENTIFIER = com.example.CV;
				PRODUCT_NAME = "$(TARGET_NAME)";
				SWIFT_EMIT_LOC_STRINGS = YES;
				SWIFT_VERSION = 5.0;
			};
			name = Release;
		};
/* End XCBuildConfiguration section */

/* Begin XCConfigurationList section */
		805DC37E299E696A00EAD11B /* Build configuration list for PBXProject "CV" */ = {
			isa = XCConfigurationList;
			buildConfigurations = (
				805DC390299E696C00EAD11B /* Debug */,
				805DC391299E696C00EAD11B /* Release */,
			);
			defaultConfigurationIsVisible = 0;
			defaultConfigurationName = Release;
		};
		805DC392299E696C00EAD11B /* Build configuration list for PBXNativeTarget "CV" */ = {
			isa = XCConfigurationList;
			buildConfigurations = (
				805DC393299E696C00EAD11B /* Debug */,
				805DC394299E696C00EAD11B /* Release */,
			);
			defaultConfigurationIsVisible = 0;
			defaultConfigurationName = Release;
		};
/* End XCConfigurationList section */
	};
	rootObject = 805DC37B299E696A00EAD11B /* Project object */;
}
